// !$*UTF8*$!
{
	archiveVersion = 1;
	classes = {
	};
	objectVersion = 46;
	objects = {

/* Begin PBXBuildFile section */
		839147801ED3A13600B95F03 /* CalculatorBrain.swift in Sources */ = {isa = PBXBuildFile; fileRef = 8391477F1ED3A13600B95F03 /* CalculatorBrain.swift */; };
		83B99F061EC776760083E17B /* AppDelegate.swift in Sources */ = {isa = PBXBuildFile; fileRef = 83B99F051EC776760083E17B /* AppDelegate.swift */; };
		83B99F081EC776760083E17B /* ViewController.swift in Sources */ = {isa = PBXBuildFile; fileRef = 83B99F071EC776760083E17B /* ViewController.swift */; };
		83B99F0B1EC776760083E17B /* Main.storyboard in Resources */ = {isa = PBXBuildFile; fileRef = 83B99F091EC776760083E17B /* Main.storyboard */; };
		83B99F0D1EC776760083E17B /* Assets.xcassets in Resources */ = {isa = PBXBuildFile; fileRef = 83B99F0C1EC776760083E17B /* Assets.xcassets */; };
		83B99F101EC776760083E17B /* LaunchScreen.storyboard in Resources */ = {isa = PBXBuildFile; fileRef = 83B99F0E1EC776760083E17B /* LaunchScreen.storyboard */; };
/* End PBXBuildFile section */

/* Begin PBXFileReference section */
		8391477F1ED3A13600B95F03 /* CalculatorBrain.swift */ = {isa = PBXFileReference; fileEncoding = 4; lastKnownFileType = sourcecode.swift; path = CalculatorBrain.swift; sourceTree = "<group>"; };
		83B99F021EC776760083E17B /* calculator-stanford.app */ = {isa = PBXFileReference; explicitFileType = wrapper.application; includeInIndex = 0; path = "calculator-stanford.app"; sourceTree = BUILT_PRODUCTS_DIR; };
		83B99F051EC776760083E17B /* AppDelegate.swift */ = {isa = PBXFileReference; lastKnownFileType = sourcecode.swift; path = AppDelegate.swift; sourceTree = "<group>"; };
		83B99F071EC776760083E17B /* ViewController.swift */ = {isa = PBXFileReference; lastKnownFileType = sourcecode.swift; path = ViewController.swift; sourceTree = "<group>"; };
		83B99F0A1EC776760083E17B /* Base */ = {isa = PBXFileReference; lastKnownFileType = file.storyboard; name = Base; path = Base.lproj/Main.storyboard; sourceTree = "<group>"; };
		83B99F0C1EC776760083E17B /* Assets.xcassets */ = {isa = PBXFileReference; lastKnownFileType = folder.assetcatalog; path = Assets.xcassets; sourceTree = "<group>"; };
		83B99F0F1EC776760083E17B /* Base */ = {isa = PBXFileReference; lastKnownFileType = file.storyboard; name = Base; path = Base.lproj/LaunchScreen.storyboard; sourceTree = "<group>"; };
		83B99F111EC776760083E17B /* Info.plist */ = {isa = PBXFileReference; lastKnownFileType = text.plist.xml; path = Info.plist; sourceTree = "<group>"; };
/* End PBXFileReference section */

/* Begin PBXFrameworksBuildPhase section */
		83B99EFF1EC776760083E17B /* Frameworks */ = {
			isa = PBXFrameworksBuildPhase;
			buildActionMask = 2147483647;
			files = (
			);
			runOnlyForDeploymentPostprocessing = 0;
		};
/* End PBXFrameworksBuildPhase section */

/* Begin PBXGroup section */
		83B99EF91EC776760083E17B = {
			isa = PBXGroup;
			children = (
				83B99F041EC776760083E17B /* calculator-stanford */,
				83B99F031EC776760083E17B /* Products */,
			);
			sourceTree = "<group>";
		};
		83B99F031EC776760083E17B /* Products */ = {
			isa = PBXGroup;
			children = (
				83B99F021EC776760083E17B /* calculator-stanford.app */,
			);
			name = Products;
			sourceTree = "<group>";
		};
		83B99F041EC776760083E17B /* calculator-stanford */ = {
			isa = PBXGroup;
			children = (
				83B99F171EC777180083E17B /* Supporting Files */,
				83B99F071EC776760083E17B /* ViewController.swift */,
				8391477F1ED3A13600B95F03 /* CalculatorBrain.swift */,
				83B99F091EC776760083E17B /* Main.storyboard */,
			);
			path = "calculator-stanford";
			sourceTree = "<group>";
		};
		83B99F171EC777180083E17B /* Supporting Files */ = {
			isa = PBXGroup;
			children = (
				83B99F051EC776760083E17B /* AppDelegate.swift */,
				83B99F0C1EC776760083E17B /* Assets.xcassets */,
				83B99F0E1EC776760083E17B /* LaunchScreen.storyboard */,
				83B99F111EC776760083E17B /* Info.plist */,
			);
			name = "Supporting Files";
			sourceTree = "<group>";
		};
/* End PBXGroup section */

/* Begin PBXNativeTarget section */
		83B99F011EC776760083E17B /* calculator-stanford */ = {
			isa = PBXNativeTarget;
			buildConfigurationList = 83B99F141EC776760083E17B /* Build configuration list for PBXNativeTarget "calculator-stanford" */;
			buildPhases = (
				83B99EFE1EC776760083E17B /* Sources */,
				83B99EFF1EC776760083E17B /* Frameworks */,
				83B99F001EC776760083E17B /* Resources */,
			);
			buildRules = (
			);
			dependencies = (
			);
			name = "calculator-stanford";
			productName = "calculator-stanford";
			productReference = 83B99F021EC776760083E17B /* calculator-stanford.app */;
			productType = "com.apple.product-type.application";
		};
/* End PBXNativeTarget section */

/* Begin PBXProject section */
		83B99EFA1EC776760083E17B /* Project object */ = {
			isa = PBXProject;
			attributes = {
				LastSwiftUpdateCheck = 0830;
				LastUpgradeCheck = 0830;
				ORGANIZATIONNAME = DE;
				TargetAttributes = {
					83B99F011EC776760083E17B = {
						CreatedOnToolsVersion = 8.3.2;
						DevelopmentTeam = 3W2EBX6EBQ;
						ProvisioningStyle = Automatic;
					};
				};
			};
			buildConfigurationList = 83B99EFD1EC776760083E17B /* Build configuration list for PBXProject "calculator-stanford" */;
			compatibilityVersion = "Xcode 3.2";
			developmentRegion = English;
			hasScannedForEncodings = 0;
			knownRegions = (
				en,
				Base,
			);
			mainGroup = 83B99EF91EC776760083E17B;
			productRefGroup = 83B99F031EC776760083E17B /* Products */;
			projectDirPath = "";
			projectRoot = "";
			targets = (
				83B99F011EC776760083E17B /* calculator-stanford */,
			);
		};
/* End PBXProject section */

/* Begin PBXResourcesBuildPhase section */
		83B99F001EC776760083E17B /* Resources */ = {
			isa = PBXResourcesBuildPhase;
			buildActionMask = 2147483647;
			files = (
				83B99F101EC776760083E17B /* LaunchScreen.storyboard in Resources */,
				83B99F0D1EC776760083E17B /* Assets.xcassets in Resources */,
				83B99F0B1EC776760083E17B /* Main.storyboard in Resources */,
			);
			runOnlyForDeploymentPostprocessing = 0;
		};
/* End PBXResourcesBuildPhase section */

/* Begin PBXSourcesBuildPhase section */
		83B99EFE1EC776760083E17B /* Sources */ = {
			isa = PBXSourcesBuildPhase;
			buildActionMask = 2147483647;
			files = (
				839147801ED3A13600B95F03 /* CalculatorBrain.swift in Sources */,
				83B99F081EC776760083E17B /* ViewController.swift in Sources */,
				83B99F061EC776760083E17B /* AppDelegate.swift in Sources */,
			);
			runOnlyForDeploymentPostprocessing = 0;
		};
/* End PBXSourcesBuildPhase section */

/* Begin PBXVariantGroup section */
		83B99F091EC776760083E17B /* Main.storyboard */ = {
			isa = PBXVariantGroup;
			children = (
				83B99F0A1EC776760083E17B /* Base */,
			);
			name = Main.storyboard;
			sourceTree = "<group>";
		};
		83B99F0E1EC776760083E17B /* LaunchScreen.storyboard */ = {
			isa = PBXVariantGroup;
			children = (
				83B99F0F1EC776760083E17B /* Base */,
			);
			name = LaunchScreen.storyboard;
			sourceTree = "<group>";
		};
/* End PBXVariantGroup section */

/* Begin XCBuildConfiguration section */
		83B99F121EC776760083E17B /* Debug */ = {
			isa = XCBuildConfiguration;
			buildSettings = {
				ALWAYS_SEARCH_USER_PATHS = NO;
				CLANG_ANALYZER_NONNULL = YES;
				CLANG_ANALYZER_NUMBER_OBJECT_CONVERSION = YES_AGGRESSIVE;
				CLANG_CXX_LANGUAGE_STANDARD = "gnu++0x";
				CLANG_CXX_LIBRARY = "libc++";
				CLANG_ENABLE_MODULES = YES;
				CLANG_ENABLE_OBJC_ARC = YES;
				CLANG_WARN_BOOL_CONVERSION = YES;
				CLANG_WARN_CONSTANT_CONVERSION = YES;
				CLANG_WARN_DIRECT_OBJC_ISA_USAGE = YES_ERROR;
				CLANG_WARN_DOCUMENTATION_COMMENTS = YES;
				CLANG_WARN_EMPTY_BODY = YES;
				CLANG_WARN_ENUM_CONVERSION = YES;
				CLANG_WARN_INFINITE_RECURSION = YES;
				CLANG_WARN_INT_CONVERSION = YES;
				CLANG_WARN_OBJC_ROOT_CLASS = YES_ERROR;
				CLANG_WARN_SUSPICIOUS_MOVE = YES;
				CLANG_WARN_UNREACHABLE_CODE = YES;
				CLANG_WARN__DUPLICATE_METHOD_MATCH = YES;
				"CODE_SIGN_IDENTITY[sdk=iphoneos*]" = "iPhone Developer";
				COPY_PHASE_STRIP = NO;
				DEBUG_INFORMATION_FORMAT = dwarf;
				ENABLE_STRICT_OBJC_MSGSEND = YES;
				ENABLE_TESTABILITY = YES;
				GCC_C_LANGUAGE_STANDARD = gnu99;
				GCC_DYNAMIC_NO_PIC = NO;
				GCC_NO_COMMON_BLOCKS = YES;
				GCC_OPTIMIZATION_LEVEL = 0;
				GCC_PREPROCESSOR_DEFINITIONS = (
					"DEBUG=1",
					"$(inherited)",
				);
				GCC_WARN_64_TO_32_BIT_CONVERSION = YES;
				GCC_WARN_ABOUT_RETURN_TYPE = YES_ERROR;
				GCC_WARN_UNDECLARED_SELECTOR = YES;
				GCC_WARN_UNINITIALIZED_AUTOS = YES_AGGRESSIVE;
				GCC_WARN_UNUSED_FUNCTION = YES;
				GCC_WARN_UNUSED_VARIABLE = YES;
				IPHONEOS_DEPLOYMENT_TARGET = 10.3;
				MTL_ENABLE_DEBUG_INFO = YES;
				ONLY_ACTIVE_ARCH = YES;
				SDKROOT = iphoneos;
				SWIFT_ACTIVE_COMPILATION_CONDITIONS = DEBUG;
				SWIFT_OPTIMIZATION_LEVEL = "-Onone";
				TARGETED_DEVICE_FAMILY = "1,2";
			};
			name = Debug;
		};
		83B99F131EC776760083E17B /* Release */ = {
			isa = XCBuildConfiguration;
			buildSettings = {
				ALWAYS_SEARCH_USER_PATHS = NO;
				CLANG_ANALYZER_NONNULL = YES;
				CLANG_ANALYZER_NUMBER_OBJECT_CONVERSION = YES_AGGRESSIVE;
				CLANG_CXX_LANGUAGE_STANDARD = "gnu++0x";
				CLANG_CXX_LIBRARY = "libc++";
				CLANG_ENABLE_MODULES = YES;
				CLANG_ENABLE_OBJC_ARC = YES;
				CLANG_WARN_BOOL_CONVERSION = YES;
				CLANG_WARN_CONSTANT_CONVERSION = YES;
				CLANG_WARN_DIRECT_OBJC_ISA_USAGE = YES_ERROR;
				CLANG_WARN_DOCUMENTATION_COMMENTS = YES;
				CLANG_WARN_EMPTY_BODY = YES;
				CLANG_WARN_ENUM_CONVERSION = YES;
				CLANG_WARN_INFINITE_RECURSION = YES;
				CLANG_WARN_INT_CONVERSION = YES;
				CLANG_WARN_OBJC_ROOT_CLASS = YES_ERROR;
				CLANG_WARN_SUSPICIOUS_MOVE = YES;
				CLANG_WARN_UNREACHABLE_CODE = YES;
				CLANG_WARN__DUPLICATE_METHOD_MATCH = YES;
				"CODE_SIGN_IDENTITY[sdk=iphoneos*]" = "iPhone Developer";
				COPY_PHASE_STRIP = NO;
				DEBUG_INFORMATION_FORMAT = "dwarf-with-dsym";
				ENABLE_NS_ASSERTIONS = NO;
				ENABLE_STRICT_OBJC_MSGSEND = YES;
				GCC_C_LANGUAGE_STANDARD = gnu99;
				GCC_NO_COMMON_BLOCKS = YES;
				GCC_WARN_64_TO_32_BIT_CONVERSION = YES;
				GCC_WARN_ABOUT_RETURN_TYPE = YES_ERROR;
				GCC_WARN_UNDECLARED_SELECTOR = YES;
				GCC_WARN_UNINITIALIZED_AUTOS = YES_AGGRESSIVE;
				GCC_WARN_UNUSED_FUNCTION = YES;
				GCC_WARN_UNUSED_VARIABLE = YES;
				IPHONEOS_DEPLOYMENT_TARGET = 10.3;
				MTL_ENABLE_DEBUG_INFO = NO;
				SDKROOT = iphoneos;
				SWIFT_OPTIMIZATION_LEVEL = "-Owholemodule";
				TARGETED_DEVICE_FAMILY = "1,2";
				VALIDATE_PRODUCT = YES;
			};
			name = Release;
		};
		83B99F151EC776760083E17B /* Debug */ = {
			isa = XCBuildConfiguration;
			buildSettings = {
				ASSETCATALOG_COMPILER_APPICON_NAME = AppIcon;
				DEVELOPMENT_TEAM = 3W2EBX6EBQ;
				INFOPLIST_FILE = "calculator-stanford/Info.plist";
				LD_RUNPATH_SEARCH_PATHS = "$(inherited) @executable_path/Frameworks";
				PRODUCT_BUNDLE_IDENTIFIER = "com.dmke.calculator-stanford";
				PRODUCT_NAME = "$(TARGET_NAME)";
				SWIFT_VERSION = 3.0;
			};
			name = Debug;
		};
		83B99F161EC776760083E17B /* Release */ = {
			isa = XCBuildConfiguration;
			buildSettings = {
				ASSETCATALOG_COMPILER_APPICON_NAME = AppIcon;
				DEVELOPMENT_TEAM = 3W2EBX6EBQ;
				INFOPLIST_FILE = "calculator-stanford/Info.plist";
				LD_RUNPATH_SEARCH_PATHS = "$(inherited) @executable_path/Frameworks";
				PRODUCT_BUNDLE_IDENTIFIER = "com.dmke.calculator-stanford";
				PRODUCT_NAME = "$(TARGET_NAME)";
				SWIFT_VERSION = 3.0;
			};
			name = Release;
		};
/* End XCBuildConfiguration section */

/* Begin XCConfigurationList section */
		83B99EFD1EC776760083E17B /* Build configuration list for PBXProject "calculator-stanford" */ = {
			isa = XCConfigurationList;
			buildConfigurations = (
				83B99F121EC776760083E17B /* Debug */,
				83B99F131EC776760083E17B /* Release */,
			);
			defaultConfigurationIsVisible = 0;
			defaultConfigurationName = Release;
		};
		83B99F141EC776760083E17B /* Build configuration list for PBXNativeTarget "calculator-stanford" */ = {
			isa = XCConfigurationList;
			buildConfigurations = (
				83B99F151EC776760083E17B /* Debug */,
				83B99F161EC776760083E17B /* Release */,
			);
			defaultConfigurationIsVisible = 0;
			defaultConfigurationName = Release;
		};
/* End XCConfigurationList section */
	};
	rootObject = 83B99EFA1EC776760083E17B /* Project object */;
}
